
Microsoft Visual Studio Solution File, Format Version 12.00
# Visual Studio 15
VisualStudioVersion = 15.0.27703.2035
MinimumVisualStudioVersion = 10.0.40219.1
Project("{8BC9CEB8-8B4A-11D0-8D11-00A0C91BC942}") = "06_Progetto", "06_Progetto\06_Progetto.vcxproj", "{8D477C87-C804-4AC8-A7C3-D2A0CABCC373}"
EndProject
Global
	GlobalSection(SolutionConfigurationPlatforms) = preSolution
		Debug|x64 = Debug|x64
		Debug|x86 = Debug|x86
		Release|x64 = Release|x64
		Release|x86 = Release|x86
	EndGlobalSection
	GlobalSection(ProjectConfigurationPlatforms) = postSolution
		{8D477C87-C804-4AC8-A7C3-D2A0CABCC373}.Debug|x64.ActiveCfg = Debug|x64
		{8D477C87-C804-4AC8-A7C3-D2A0CABCC373}.Debug|x64.Build.0 = Debug|x64
		{8D477C87-C804-4AC8-A7C3-D2A0CABCC373}.Debug|x86.ActiveCfg = Debug|Win32
		{8D477C87-C804-4AC8-A7C3-D2A0CABCC373}.Debug|x86.Build.0 = Debug|Win32
		{8D477C87-C804-4AC8-A7C3-D2A0CABCC373}.Release|x64.ActiveCfg = Release|x64
		{8D477C87-C804-4AC8-A7C3-D2A0CABCC373}.Release|x64.Build.0 = Release|x64
		{8D477C87-C804-4AC8-A7C3-D2A0CABCC373}.Release|x86.ActiveCfg = Release|Win32
		{8D477C87-C804-4AC8-A7C3-D2A0CABCC373}.Release|x86.Build.0 = Release|Win32
	EndGlobalSection
	GlobalSection(SolutionProperties) = preSolution
		HideSolutionNode = FALSE
	EndGlobalSection
	GlobalSection(ExtensibilityGlobals) = postSolution
		SolutionGuid = {D1987EE8-6B3F-470C-A27F-31E284450545}
	EndGlobalSection
EndGlobal
